
Microsoft Visual Studio Solution File, Format Version 12.00
Project("{FAE04EC0-301F-11D3-BF4B-00C04F79EFBC}") = "AvaloniaTest", "AvaloniaTest.csproj", "{A19B0BEE-8D81-4CCE-92E5-165E4AEBC4B8}"
EndProject
Global
	GlobalSection(SolutionConfigurationPlatforms) = preSolution
		Debug|Any CPU = Debug|Any CPU
		Release|Any CPU = Release|Any CPU
	EndGlobalSection
	GlobalSection(ProjectConfigurationPlatforms) = postSolution
		{A19B0BEE-8D81-4CCE-92E5-165E4AEBC4B8}.Debug|Any CPU.ActiveCfg = Debug|Any CPU
		{A19B0BEE-8D81-4CCE-92E5-165E4AEBC4B8}.Debug|Any CPU.Build.0 = Debug|Any CPU
		{A19B0BEE-8D81-4CCE-92E5-165E4AEBC4B8}.Release|Any CPU.ActiveCfg = Release|Any CPU
		{A19B0BEE-8D81-4CCE-92E5-165E4AEBC4B8}.Release|Any CPU.Build.0 = Release|Any CPU
	EndGlobalSection
EndGlobal
